
Microsoft Visual Studio Solution File, Format Version 12.00
# Visual Studio Version 17
VisualStudioVersion = 17.10.35013.160
MinimumVisualStudioVersion = 10.0.40219.1
Project("{FAE04EC0-301F-11D3-BF4B-00C04F79EFBC}") = "ResortRecomendationGenerator.Web", "ResortRecomendationGenerator.Web\ResortRecomendationGenerator.Web.csproj", "{05261AF3-1281-4C4E-8577-BB91C57C4AEA}"
EndProject
Project("{FAE04EC0-301F-11D3-BF4B-00C04F79EFBC}") = "ResortRecommendationGenerator.Core", "ResortRecommendationGenerator.Core\ResortRecommendationGenerator.Core.csproj", "{5B252BED-6BDB-44E0-BD80-68C2F8FF5165}"
EndProject
Global
	GlobalSection(SolutionConfigurationPlatforms) = preSolution
		Debug|Any CPU = Debug|Any CPU
		Release|Any CPU = Release|Any CPU
	EndGlobalSection
	GlobalSection(ProjectConfigurationPlatforms) = postSolution
		{05261AF3-1281-4C4E-8577-BB91C57C4AEA}.Debug|Any CPU.ActiveCfg = Debug|Any CPU
		{05261AF3-1281-4C4E-8577-BB91C57C4AEA}.Debug|Any CPU.Build.0 = Debug|Any CPU
		{05261AF3-1281-4C4E-8577-BB91C57C4AEA}.Release|Any CPU.ActiveCfg = Release|Any CPU
		{05261AF3-1281-4C4E-8577-BB91C57C4AEA}.Release|Any CPU.Build.0 = Release|Any CPU
		{5B252BED-6BDB-44E0-BD80-68C2F8FF5165}.Debug|Any CPU.ActiveCfg = Debug|Any CPU
		{5B252BED-6BDB-44E0-BD80-68C2F8FF5165}.Debug|Any CPU.Build.0 = Debug|Any CPU
		{5B252BED-6BDB-44E0-BD80-68C2F8FF5165}.Release|Any CPU.ActiveCfg = Release|Any CPU
		{5B252BED-6BDB-44E0-BD80-68C2F8FF5165}.Release|Any CPU.Build.0 = Release|Any CPU
	EndGlobalSection
	GlobalSection(SolutionProperties) = preSolution
		HideSolutionNode = FALSE
	EndGlobalSection
	GlobalSection(ExtensibilityGlobals) = postSolution
		SolutionGuid = {C49FA6D3-D3DD-4DEC-9522-543FBE243279}
	EndGlobalSection
EndGlobal
